
Microsoft Visual Studio Solution File, Format Version 12.00
# Visual Studio 15
VisualStudioVersion = 15.0.28307.168
MinimumVisualStudioVersion = 10.0.40219.1
Project("{FAE04EC0-301F-11D3-BF4B-00C04F79EFBC}") = "Lonking.CN.JGYFScanWcfService", "Lonking.CN.JGYFScanWcfService\Lonking.CN.JGYFScanWcfService.csproj", "{506C917F-7D80-4AFF-9539-E6F0E4EF4B9C}"
EndProject
Project("{FAE04EC0-301F-11D3-BF4B-00C04F79EFBC}") = "ClientUintTest", "ClientUintTest\ClientUintTest.csproj", "{057B0152-28E3-4763-AD09-D35B24AC0BC5}"
	ProjectSection(ProjectDependencies) = postProject
		{506C917F-7D80-4AFF-9539-E6F0E4EF4B9C} = {506C917F-7D80-4AFF-9539-E6F0E4EF4B9C}
	EndProjectSection
EndProject
Project("{FAE04EC0-301F-11D3-BF4B-00C04F79EFBC}") = "testClient", "testClient\testClient.csproj", "{F2BE5CC3-ACB8-4834-93D9-E8913F39365E}"
	ProjectSection(ProjectDependencies) = postProject
		{506C917F-7D80-4AFF-9539-E6F0E4EF4B9C} = {506C917F-7D80-4AFF-9539-E6F0E4EF4B9C}
	EndProjectSection
EndProject
Global
	GlobalSection(SolutionConfigurationPlatforms) = preSolution
		Debug|Any CPU = Debug|Any CPU
		Release|Any CPU = Release|Any CPU
	EndGlobalSection
	GlobalSection(ProjectConfigurationPlatforms) = postSolution
		{506C917F-7D80-4AFF-9539-E6F0E4EF4B9C}.Debug|Any CPU.ActiveCfg = Debug|Any CPU
		{506C917F-7D80-4AFF-9539-E6F0E4EF4B9C}.Debug|Any CPU.Build.0 = Debug|Any CPU
		{506C917F-7D80-4AFF-9539-E6F0E4EF4B9C}.Release|Any CPU.ActiveCfg = Release|Any CPU
		{506C917F-7D80-4AFF-9539-E6F0E4EF4B9C}.Release|Any CPU.Build.0 = Release|Any CPU
		{057B0152-28E3-4763-AD09-D35B24AC0BC5}.Debug|Any CPU.ActiveCfg = Debug|Any CPU
		{057B0152-28E3-4763-AD09-D35B24AC0BC5}.Debug|Any CPU.Build.0 = Debug|Any CPU
		{057B0152-28E3-4763-AD09-D35B24AC0BC5}.Release|Any CPU.ActiveCfg = Release|Any CPU
		{057B0152-28E3-4763-AD09-D35B24AC0BC5}.Release|Any CPU.Build.0 = Release|Any CPU
		{F2BE5CC3-ACB8-4834-93D9-E8913F39365E}.Debug|Any CPU.ActiveCfg = Debug|Any CPU
		{F2BE5CC3-ACB8-4834-93D9-E8913F39365E}.Debug|Any CPU.Build.0 = Debug|Any CPU
		{F2BE5CC3-ACB8-4834-93D9-E8913F39365E}.Release|Any CPU.ActiveCfg = Release|Any CPU
		{F2BE5CC3-ACB8-4834-93D9-E8913F39365E}.Release|Any CPU.Build.0 = Release|Any CPU
	EndGlobalSection
	GlobalSection(SolutionProperties) = preSolution
		HideSolutionNode = FALSE
	EndGlobalSection
	GlobalSection(ExtensibilityGlobals) = postSolution
		SolutionGuid = {43DA4517-3A6D-48D3-95E5-0C72A21D9A00}
	EndGlobalSection
EndGlobal
